
Microsoft Visual Studio Solution File, Format Version 12.00
# Visual Studio Version 16
VisualStudioVersion = 16.6.30114.105
MinimumVisualStudioVersion = 10.0.40219.1
Project("{2150E333-8FDC-42A3-9474-1A3956D46DE8}") = "1-Api", "1-Api", "{26073744-ADD3-42E1-AF18-7987616DCE86}"
EndProject
Project("{FAE04EC0-301F-11D3-BF4B-00C04F79EFBC}") = "LFV2.WebApi", "1-Api\LFV2.WebApi\LFV2.WebApi.csproj", "{71C09A44-7C56-4CF6-B04B-F38D44FCAA8B}"
EndProject
Project("{2150E333-8FDC-42A3-9474-1A3956D46DE8}") = "2-Domain", "2-Domain", "{A24CC7E4-FB70-4622-B175-E9BC58EFADC2}"
EndProject
Project("{FAE04EC0-301F-11D3-BF4B-00C04F79EFBC}") = "LFV2.Domain", "2-Domain\LFV2.Domain\LFV2.Domain.csproj", "{3ECE6713-C4EB-4C50-8DB0-DF71119638F0}"
EndProject
Project("{2150E333-8FDC-42A3-9474-1A3956D46DE8}") = "3-Infra", "3-Infra", "{4308253F-72D1-4808-999D-AC2DD78A610A}"
EndProject
Project("{FAE04EC0-301F-11D3-BF4B-00C04F79EFBC}") = "LFV2.Infra", "3-Infra\LFV2.Infra\LFV2.Infra.csproj", "{1884EB3C-CB24-43E0-950C-B31558366D10}"
EndProject
Project("{2150E333-8FDC-42A3-9474-1A3956D46DE8}") = "4-Shared", "4-Shared", "{DFB5E615-4092-4261-A056-FE9F7E1C2958}"
EndProject
Project("{FAE04EC0-301F-11D3-BF4B-00C04F79EFBC}") = "LFV2.Shared", "4-Shared\LFV2.Shared\LFV2.Shared.csproj", "{194F5C98-4CFD-4DB6-B7C2-2BFF7832D593}"
EndProject
Project("{2150E333-8FDC-42A3-9474-1A3956D46DE8}") = "5-Tests", "5-Tests", "{3E149FFC-795D-41F9-AD99-ECD04D310747}"
EndProject
Project("{FAE04EC0-301F-11D3-BF4B-00C04F79EFBC}") = "LFV2.Test", "5-Tests\LFV2.Test\LFV2.Test.csproj", "{25A7D9BB-6021-4E27-8C41-A775C427A0F7}"
EndProject
Global
	GlobalSection(SolutionConfigurationPlatforms) = preSolution
		Debug|Any CPU = Debug|Any CPU
		Debug|x64 = Debug|x64
		Debug|x86 = Debug|x86
		Release|Any CPU = Release|Any CPU
		Release|x64 = Release|x64
		Release|x86 = Release|x86
	EndGlobalSection
	GlobalSection(SolutionProperties) = preSolution
		HideSolutionNode = FALSE
	EndGlobalSection
	GlobalSection(ProjectConfigurationPlatforms) = postSolution
		{71C09A44-7C56-4CF6-B04B-F38D44FCAA8B}.Debug|Any CPU.ActiveCfg = Debug|Any CPU
		{71C09A44-7C56-4CF6-B04B-F38D44FCAA8B}.Debug|Any CPU.Build.0 = Debug|Any CPU
		{71C09A44-7C56-4CF6-B04B-F38D44FCAA8B}.Debug|x64.ActiveCfg = Debug|Any CPU
		{71C09A44-7C56-4CF6-B04B-F38D44FCAA8B}.Debug|x64.Build.0 = Debug|Any CPU
		{71C09A44-7C56-4CF6-B04B-F38D44FCAA8B}.Debug|x86.ActiveCfg = Debug|Any CPU
		{71C09A44-7C56-4CF6-B04B-F38D44FCAA8B}.Debug|x86.Build.0 = Debug|Any CPU
		{71C09A44-7C56-4CF6-B04B-F38D44FCAA8B}.Release|Any CPU.ActiveCfg = Release|Any CPU
		{71C09A44-7C56-4CF6-B04B-F38D44FCAA8B}.Release|Any CPU.Build.0 = Release|Any CPU
		{71C09A44-7C56-4CF6-B04B-F38D44FCAA8B}.Release|x64.ActiveCfg = Release|Any CPU
		{71C09A44-7C56-4CF6-B04B-F38D44FCAA8B}.Release|x64.Build.0 = Release|Any CPU
		{71C09A44-7C56-4CF6-B04B-F38D44FCAA8B}.Release|x86.ActiveCfg = Release|Any CPU
		{71C09A44-7C56-4CF6-B04B-F38D44FCAA8B}.Release|x86.Build.0 = Release|Any CPU
		{3ECE6713-C4EB-4C50-8DB0-DF71119638F0}.Debug|Any CPU.ActiveCfg = Debug|Any CPU
		{3ECE6713-C4EB-4C50-8DB0-DF71119638F0}.Debug|Any CPU.Build.0 = Debug|Any CPU
		{3ECE6713-C4EB-4C50-8DB0-DF71119638F0}.Debug|x64.ActiveCfg = Debug|Any CPU
		{3ECE6713-C4EB-4C50-8DB0-DF71119638F0}.Debug|x64.Build.0 = Debug|Any CPU
		{3ECE6713-C4EB-4C50-8DB0-DF71119638F0}.Debug|x86.ActiveCfg = Debug|Any CPU
		{3ECE6713-C4EB-4C50-8DB0-DF71119638F0}.Debug|x86.Build.0 = Debug|Any CPU
		{3ECE6713-C4EB-4C50-8DB0-DF71119638F0}.Release|Any CPU.ActiveCfg = Release|Any CPU
		{3ECE6713-C4EB-4C50-8DB0-DF71119638F0}.Release|Any CPU.Build.0 = Release|Any CPU
		{3ECE6713-C4EB-4C50-8DB0-DF71119638F0}.Release|x64.ActiveCfg = Release|Any CPU
		{3ECE6713-C4EB-4C50-8DB0-DF71119638F0}.Release|x64.Build.0 = Release|Any CPU
		{3ECE6713-C4EB-4C50-8DB0-DF71119638F0}.Release|x86.ActiveCfg = Release|Any CPU
		{3ECE6713-C4EB-4C50-8DB0-DF71119638F0}.Release|x86.Build.0 = Release|Any CPU
		{1884EB3C-CB24-43E0-950C-B31558366D10}.Debug|Any CPU.ActiveCfg = Debug|Any CPU
		{1884EB3C-CB24-43E0-950C-B31558366D10}.Debug|Any CPU.Build.0 = Debug|Any CPU
		{1884EB3C-CB24-43E0-950C-B31558366D10}.Debug|x64.ActiveCfg = Debug|Any CPU
		{1884EB3C-CB24-43E0-950C-B31558366D10}.Debug|x64.Build.0 = Debug|Any CPU
		{1884EB3C-CB24-43E0-950C-B31558366D10}.Debug|x86.ActiveCfg = Debug|Any CPU
		{1884EB3C-CB24-43E0-950C-B31558366D10}.Debug|x86.Build.0 = Debug|Any CPU
		{1884EB3C-CB24-43E0-950C-B31558366D10}.Release|Any CPU.ActiveCfg = Release|Any CPU
		{1884EB3C-CB24-43E0-950C-B31558366D10}.Release|Any CPU.Build.0 = Release|Any CPU
		{1884EB3C-CB24-43E0-950C-B31558366D10}.Release|x64.ActiveCfg = Release|Any CPU
		{1884EB3C-CB24-43E0-950C-B31558366D10}.Release|x64.Build.0 = Release|Any CPU
		{1884EB3C-CB24-43E0-950C-B31558366D10}.Release|x86.ActiveCfg = Release|Any CPU
		{1884EB3C-CB24-43E0-950C-B31558366D10}.Release|x86.Build.0 = Release|Any CPU
		{194F5C98-4CFD-4DB6-B7C2-2BFF7832D593}.Debug|Any CPU.ActiveCfg = Debug|Any CPU
		{194F5C98-4CFD-4DB6-B7C2-2BFF7832D593}.Debug|Any CPU.Build.0 = Debug|Any CPU
		{194F5C98-4CFD-4DB6-B7C2-2BFF7832D593}.Debug|x64.ActiveCfg = Debug|Any CPU
		{194F5C98-4CFD-4DB6-B7C2-2BFF7832D593}.Debug|x64.Build.0 = Debug|Any CPU
		{194F5C98-4CFD-4DB6-B7C2-2BFF7832D593}.Debug|x86.ActiveCfg = Debug|Any CPU
		{194F5C98-4CFD-4DB6-B7C2-2BFF7832D593}.Debug|x86.Build.0 = Debug|Any CPU
		{194F5C98-4CFD-4DB6-B7C2-2BFF7832D593}.Release|Any CPU.ActiveCfg = Release|Any CPU
		{194F5C98-4CFD-4DB6-B7C2-2BFF7832D593}.Release|Any CPU.Build.0 = Release|Any CPU
		{194F5C98-4CFD-4DB6-B7C2-2BFF7832D593}.Release|x64.ActiveCfg = Release|Any CPU
		{194F5C98-4CFD-4DB6-B7C2-2BFF7832D593}.Release|x64.Build.0 = Release|Any CPU
		{194F5C98-4CFD-4DB6-B7C2-2BFF7832D593}.Release|x86.ActiveCfg = Release|Any CPU
		{194F5C98-4CFD-4DB6-B7C2-2BFF7832D593}.Release|x86.Build.0 = Release|Any CPU
		{25A7D9BB-6021-4E27-8C41-A775C427A0F7}.Debug|Any CPU.ActiveCfg = Debug|Any CPU
		{25A7D9BB-6021-4E27-8C41-A775C427A0F7}.Debug|Any CPU.Build.0 = Debug|Any CPU
		{25A7D9BB-6021-4E27-8C41-A775C427A0F7}.Debug|x64.ActiveCfg = Debug|Any CPU
		{25A7D9BB-6021-4E27-8C41-A775C427A0F7}.Debug|x64.Build.0 = Debug|Any CPU
		{25A7D9BB-6021-4E27-8C41-A775C427A0F7}.Debug|x86.ActiveCfg = Debug|Any CPU
		{25A7D9BB-6021-4E27-8C41-A775C427A0F7}.Debug|x86.Build.0 = Debug|Any CPU
		{25A7D9BB-6021-4E27-8C41-A775C427A0F7}.Release|Any CPU.ActiveCfg = Release|Any CPU
		{25A7D9BB-6021-4E27-8C41-A775C427A0F7}.Release|Any CPU.Build.0 = Release|Any CPU
		{25A7D9BB-6021-4E27-8C41-A775C427A0F7}.Release|x64.ActiveCfg = Release|Any CPU
		{25A7D9BB-6021-4E27-8C41-A775C427A0F7}.Release|x64.Build.0 = Release|Any CPU
		{25A7D9BB-6021-4E27-8C41-A775C427A0F7}.Release|x86.ActiveCfg = Release|Any CPU
		{25A7D9BB-6021-4E27-8C41-A775C427A0F7}.Release|x86.Build.0 = Release|Any CPU
	EndGlobalSection
	GlobalSection(NestedProjects) = preSolution
		{71C09A44-7C56-4CF6-B04B-F38D44FCAA8B} = {26073744-ADD3-42E1-AF18-7987616DCE86}
		{3ECE6713-C4EB-4C50-8DB0-DF71119638F0} = {A24CC7E4-FB70-4622-B175-E9BC58EFADC2}
		{1884EB3C-CB24-43E0-950C-B31558366D10} = {4308253F-72D1-4808-999D-AC2DD78A610A}
		{194F5C98-4CFD-4DB6-B7C2-2BFF7832D593} = {DFB5E615-4092-4261-A056-FE9F7E1C2958}
		{25A7D9BB-6021-4E27-8C41-A775C427A0F7} = {3E149FFC-795D-41F9-AD99-ECD04D310747}
	EndGlobalSection
EndGlobal
